{
  "name": "parcel-plugin-sinuous-loader",
  "version": "0.0.16",
  "lockfileVersion": 1,
  "requires": true,
  "dependencies": {
    "he": {
      "version": "1.1.1",
      "resolved": "https://registry.npmjs.org/he/-/he-1.1.1.tgz",
      "integrity": "sha1-k0EP0hsAlzUVH4howvJx80J+I/0=",
      "dev": true
    },
    "node-html-parser": {
      "version": "1.2.16",
      "resolved": "https://registry.npmjs.org/node-html-parser/-/node-html-parser-1.2.16.tgz",
      "integrity": "sha512-TrLpGov7J9hBdWWREudBreragmRPq2Q5b19Ly66XoZVUZbb8JXkIqHkPbTHKicuVC8jNnkP4bRnNVik4mkPahw==",
      "dev": true,
      "requires": {
        "he": "1.1.1"
      }
    }
  }
}
